
Microsoft Visual Studio Solution File, Format Version 12.00
# Visual Studio Version 17
VisualStudioVersion = 17.5.33516.290
MinimumVisualStudioVersion = 10.0.40219.1
Project("{FAE04EC0-301F-11D3-BF4B-00C04F79EFBC}") = "ST10081800_PROG7312_POE", "ST10081800_PROG7312_POE\ST10081800_PROG7312_POE.csproj", "{9C570F2B-0171-4FC3-AFFD-DAAE2508590E}"
EndProject
Global
	GlobalSection(SolutionConfigurationPlatforms) = preSolution
		Debug|Any CPU = Debug|Any CPU
		Release|Any CPU = Release|Any CPU
	EndGlobalSection
	GlobalSection(ProjectConfigurationPlatforms) = postSolution
		{9C570F2B-0171-4FC3-AFFD-DAAE2508590E}.Debug|Any CPU.ActiveCfg = Debug|Any CPU
		{9C570F2B-0171-4FC3-AFFD-DAAE2508590E}.Debug|Any CPU.Build.0 = Debug|Any CPU
		{9C570F2B-0171-4FC3-AFFD-DAAE2508590E}.Release|Any CPU.ActiveCfg = Release|Any CPU
		{9C570F2B-0171-4FC3-AFFD-DAAE2508590E}.Release|Any CPU.Build.0 = Release|Any CPU
	EndGlobalSection
	GlobalSection(SolutionProperties) = preSolution
		HideSolutionNode = FALSE
	EndGlobalSection
	GlobalSection(ExtensibilityGlobals) = postSolution
		SolutionGuid = {F6F12A85-D47A-41C7-A23F-4106A0B2EE0B}
	EndGlobalSection
EndGlobal
